// !$*UTF8*$!
{
	archiveVersion = 1;
	classes = {
	};
	objectVersion = 55;
	objects = {

/* Begin PBXBuildFile section */
		752BBACF2924C186008C6BA1 /* HourlyCellViewModel.swift in Sources */ = {isa = PBXBuildFile; fileRef = 752BBACE2924C186008C6BA1 /* HourlyCellViewModel.swift */; };
		752BBAD12924C1A9008C6BA1 /* DailyCellViewModel.swift in Sources */ = {isa = PBXBuildFile; fileRef = 752BBAD02924C1A9008C6BA1 /* DailyCellViewModel.swift */; };
		752BBAD529260684008C6BA1 /* Coordinates.swift in Sources */ = {isa = PBXBuildFile; fileRef = 752BBAD429260684008C6BA1 /* Coordinates.swift */; };
		755ADB5B29223B810000B73C /* CollectionBackgroundView.swift in Sources */ = {isa = PBXBuildFile; fileRef = 755ADB5929223B810000B73C /* CollectionBackgroundView.swift */; };
		755ADB5C29223B810000B73C /* CollectionBackgroundView.xib in Resources */ = {isa = PBXBuildFile; fileRef = 755ADB5A29223B810000B73C /* CollectionBackgroundView.xib */; };
		755ADB6129223D590000B73C /* CollectionHeaderView.swift in Sources */ = {isa = PBXBuildFile; fileRef = 755ADB5F29223D590000B73C /* CollectionHeaderView.swift */; };
		755ADB6229223D590000B73C /* CollectionHeaderView.xib in Resources */ = {isa = PBXBuildFile; fileRef = 755ADB6029223D590000B73C /* CollectionHeaderView.xib */; };
		755ADB64292242950000B73C /* CollectionRefreshControl.swift in Sources */ = {isa = PBXBuildFile; fileRef = 755ADB63292242950000B73C /* CollectionRefreshControl.swift */; };
		755ADB66292247430000B73C /* Main.storyboard in Resources */ = {isa = PBXBuildFile; fileRef = 755ADB65292247430000B73C /* Main.storyboard */; };
		755ADB69292272890000B73C /* SearchResponse.swift in Sources */ = {isa = PBXBuildFile; fileRef = 755ADB68292272890000B73C /* SearchResponse.swift */; };
		755ADB7029236B870000B73C /* CurrentCellViewModel.swift in Sources */ = {isa = PBXBuildFile; fileRef = 755ADB6F29236B870000B73C /* CurrentCellViewModel.swift */; };
		755ADB7229238FE90000B73C /* WeatherService.swift in Sources */ = {isa = PBXBuildFile; fileRef = 755ADB7129238FE90000B73C /* WeatherService.swift */; };
		755ADB74292391AF0000B73C /* CollectionViewModel.swift in Sources */ = {isa = PBXBuildFile; fileRef = 755ADB73292391AF0000B73C /* CollectionViewModel.swift */; };
		756360A9284A0A20004B4532 /* Section.swift in Sources */ = {isa = PBXBuildFile; fileRef = 756360A8284A0A20004B4532 /* Section.swift */; };
		756360B7284A0FD6004B4532 /* LocationService.swift in Sources */ = {isa = PBXBuildFile; fileRef = 756360B6284A0FD6004B4532 /* LocationService.swift */; };
		75953FCE2848C8700027D90D /* WeatherCode.swift in Sources */ = {isa = PBXBuildFile; fileRef = 75953FCD2848C8700027D90D /* WeatherCode.swift */; };
		75CE48CA2836654C00997114 /* AppDelegate.swift in Sources */ = {isa = PBXBuildFile; fileRef = 75CE48C92836654C00997114 /* AppDelegate.swift */; };
		75CE48CC2836654C00997114 /* SceneDelegate.swift in Sources */ = {isa = PBXBuildFile; fileRef = 75CE48CB2836654C00997114 /* SceneDelegate.swift */; };
		75CE48CE2836654C00997114 /* ViewController.swift in Sources */ = {isa = PBXBuildFile; fileRef = 75CE48CD2836654C00997114 /* ViewController.swift */; };
		75CE48D32836654D00997114 /* Assets.xcassets in Resources */ = {isa = PBXBuildFile; fileRef = 75CE48D22836654D00997114 /* Assets.xcassets */; };
		75CE48D62836654D00997114 /* LaunchScreen.storyboard in Resources */ = {isa = PBXBuildFile; fileRef = 75CE48D42836654D00997114 /* LaunchScreen.storyboard */; };
		75D435D1283CFC8300E169D2 /* WeatherResponse.swift in Sources */ = {isa = PBXBuildFile; fileRef = 75D435D0283CFC8300E169D2 /* WeatherResponse.swift */; };
		75D9747128509F6E00638AAB /* DateConverter.swift in Sources */ = {isa = PBXBuildFile; fileRef = 75D9747028509F6E00638AAB /* DateConverter.swift */; };
		75E126BD29212F470094D183 /* CurrentCollectionViewCell.swift in Sources */ = {isa = PBXBuildFile; fileRef = 75E126BB29212F470094D183 /* CurrentCollectionViewCell.swift */; };
		75E126BE29212F470094D183 /* CurrentCollectionViewCell.xib in Resources */ = {isa = PBXBuildFile; fileRef = 75E126BC29212F470094D183 /* CurrentCollectionViewCell.xib */; };
		75E126C1292136840094D183 /* HourlyCollectionViewCell.swift in Sources */ = {isa = PBXBuildFile; fileRef = 75E126BF292136840094D183 /* HourlyCollectionViewCell.swift */; };
		75E126C2292136840094D183 /* HourlyCollectionViewCell.xib in Resources */ = {isa = PBXBuildFile; fileRef = 75E126C0292136840094D183 /* HourlyCollectionViewCell.xib */; };
		75E126C5292139550094D183 /* DailyCollectionViewCell.swift in Sources */ = {isa = PBXBuildFile; fileRef = 75E126C3292139550094D183 /* DailyCollectionViewCell.swift */; };
		75E126C6292139550094D183 /* DailyCollectionViewCell.xib in Resources */ = {isa = PBXBuildFile; fileRef = 75E126C4292139550094D183 /* DailyCollectionViewCell.xib */; };
/* End PBXBuildFile section */

/* Begin PBXFileReference section */
		752BBACE2924C186008C6BA1 /* HourlyCellViewModel.swift */ = {isa = PBXFileReference; lastKnownFileType = sourcecode.swift; path = HourlyCellViewModel.swift; sourceTree = "<group>"; };
		752BBAD02924C1A9008C6BA1 /* DailyCellViewModel.swift */ = {isa = PBXFileReference; lastKnownFileType = sourcecode.swift; path = DailyCellViewModel.swift; sourceTree = "<group>"; };
		752BBAD429260684008C6BA1 /* Coordinates.swift */ = {isa = PBXFileReference; lastKnownFileType = sourcecode.swift; path = Coordinates.swift; sourceTree = "<group>"; };
		755ADB5929223B810000B73C /* CollectionBackgroundView.swift */ = {isa = PBXFileReference; lastKnownFileType = sourcecode.swift; path = CollectionBackgroundView.swift; sourceTree = "<group>"; };
		755ADB5A29223B810000B73C /* CollectionBackgroundView.xib */ = {isa = PBXFileReference; lastKnownFileType = file.xib; path = CollectionBackgroundView.xib; sourceTree = "<group>"; };
		755ADB5F29223D590000B73C /* CollectionHeaderView.swift */ = {isa = PBXFileReference; lastKnownFileType = sourcecode.swift; path = CollectionHeaderView.swift; sourceTree = "<group>"; };
		755ADB6029223D590000B73C /* CollectionHeaderView.xib */ = {isa = PBXFileReference; lastKnownFileType = file.xib; path = CollectionHeaderView.xib; sourceTree = "<group>"; };
		755ADB63292242950000B73C /* CollectionRefreshControl.swift */ = {isa = PBXFileReference; lastKnownFileType = sourcecode.swift; path = CollectionRefreshControl.swift; sourceTree = "<group>"; };
		755ADB65292247430000B73C /* Main.storyboard */ = {isa = PBXFileReference; lastKnownFileType = file.storyboard; path = Main.storyboard; sourceTree = "<group>"; };
		755ADB68292272890000B73C /* SearchResponse.swift */ = {isa = PBXFileReference; lastKnownFileType = sourcecode.swift; path = SearchResponse.swift; sourceTree = "<group>"; };
		755ADB6F29236B870000B73C /* CurrentCellViewModel.swift */ = {isa = PBXFileReference; lastKnownFileType = sourcecode.swift; path = CurrentCellViewModel.swift; sourceTree = "<group>"; };
		755ADB7129238FE90000B73C /* WeatherService.swift */ = {isa = PBXFileReference; lastKnownFileType = sourcecode.swift; path = WeatherService.swift; sourceTree = "<group>"; };
		755ADB73292391AF0000B73C /* CollectionViewModel.swift */ = {isa = PBXFileReference; lastKnownFileType = sourcecode.swift; path = CollectionViewModel.swift; sourceTree = "<group>"; };
		756360A8284A0A20004B4532 /* Section.swift */ = {isa = PBXFileReference; lastKnownFileType = sourcecode.swift; path = Section.swift; sourceTree = "<group>"; };
		756360B6284A0FD6004B4532 /* LocationService.swift */ = {isa = PBXFileReference; lastKnownFileType = sourcecode.swift; path = LocationService.swift; sourceTree = "<group>"; };
		75953FCD2848C8700027D90D /* WeatherCode.swift */ = {isa = PBXFileReference; lastKnownFileType = sourcecode.swift; path = WeatherCode.swift; sourceTree = "<group>"; };
		75CE48C62836654C00997114 /* MyWeatherApp.app */ = {isa = PBXFileReference; explicitFileType = wrapper.application; includeInIndex = 0; path = MyWeatherApp.app; sourceTree = BUILT_PRODUCTS_DIR; };
		75CE48C92836654C00997114 /* AppDelegate.swift */ = {isa = PBXFileReference; lastKnownFileType = sourcecode.swift; path = AppDelegate.swift; sourceTree = "<group>"; };
		75CE48CB2836654C00997114 /* SceneDelegate.swift */ = {isa = PBXFileReference; lastKnownFileType = sourcecode.swift; path = SceneDelegate.swift; sourceTree = "<group>"; };
		75CE48CD2836654C00997114 /* ViewController.swift */ = {isa = PBXFileReference; lastKnownFileType = sourcecode.swift; path = ViewController.swift; sourceTree = "<group>"; };
		75CE48D22836654D00997114 /* Assets.xcassets */ = {isa = PBXFileReference; lastKnownFileType = folder.assetcatalog; path = Assets.xcassets; sourceTree = "<group>"; };
		75CE48D52836654D00997114 /* Base */ = {isa = PBXFileReference; lastKnownFileType = file.storyboard; name = Base; path = Base.lproj/LaunchScreen.storyboard; sourceTree = "<group>"; };
		75CE48D72836654D00997114 /* Info.plist */ = {isa = PBXFileReference; lastKnownFileType = text.plist.xml; path = Info.plist; sourceTree = "<group>"; };
		75D435D0283CFC8300E169D2 /* WeatherResponse.swift */ = {isa = PBXFileReference; lastKnownFileType = sourcecode.swift; path = WeatherResponse.swift; sourceTree = "<group>"; };
		75D9747028509F6E00638AAB /* DateConverter.swift */ = {isa = PBXFileReference; lastKnownFileType = sourcecode.swift; path = DateConverter.swift; sourceTree = "<group>"; };
		75E126BB29212F470094D183 /* CurrentCollectionViewCell.swift */ = {isa = PBXFileReference; lastKnownFileType = sourcecode.swift; path = CurrentCollectionViewCell.swift; sourceTree = "<group>"; };
		75E126BC29212F470094D183 /* CurrentCollectionViewCell.xib */ = {isa = PBXFileReference; lastKnownFileType = file.xib; path = CurrentCollectionViewCell.xib; sourceTree = "<group>"; };
		75E126BF292136840094D183 /* HourlyCollectionViewCell.swift */ = {isa = PBXFileReference; lastKnownFileType = sourcecode.swift; path = HourlyCollectionViewCell.swift; sourceTree = "<group>"; };
		75E126C0292136840094D183 /* HourlyCollectionViewCell.xib */ = {isa = PBXFileReference; lastKnownFileType = file.xib; path = HourlyCollectionViewCell.xib; sourceTree = "<group>"; };
		75E126C3292139550094D183 /* DailyCollectionViewCell.swift */ = {isa = PBXFileReference; lastKnownFileType = sourcecode.swift; path = DailyCollectionViewCell.swift; sourceTree = "<group>"; };
		75E126C4292139550094D183 /* DailyCollectionViewCell.xib */ = {isa = PBXFileReference; lastKnownFileType = file.xib; path = DailyCollectionViewCell.xib; sourceTree = "<group>"; };
/* End PBXFileReference section */

/* Begin PBXFrameworksBuildPhase section */
		75CE48C32836654C00997114 /* Frameworks */ = {
			isa = PBXFrameworksBuildPhase;
			buildActionMask = 2147483647;
			files = (
			);
			runOnlyForDeploymentPostprocessing = 0;
		};
/* End PBXFrameworksBuildPhase section */

/* Begin PBXGroup section */
		752BBACD2924C14A008C6BA1 /* ViewModels */ = {
			isa = PBXGroup;
			children = (
				755ADB73292391AF0000B73C /* CollectionViewModel.swift */,
				755ADB6F29236B870000B73C /* CurrentCellViewModel.swift */,
				752BBACE2924C186008C6BA1 /* HourlyCellViewModel.swift */,
				752BBAD02924C1A9008C6BA1 /* DailyCellViewModel.swift */,
			);
			path = ViewModels;
			sourceTree = "<group>";
		};
		755ADB5E29223D2C0000B73C /* Views */ = {
			isa = PBXGroup;
			children = (
				755ADB67292261F30000B73C /* Storyboards */,
				7592B98A2846ACB600E902DE /* Cells */,
				756360BE284A3CC0004B4532 /* OtherViews */,
			);
			path = Views;
			sourceTree = "<group>";
		};
		755ADB67292261F30000B73C /* Storyboards */ = {
			isa = PBXGroup;
			children = (
				75CE48D42836654D00997114 /* LaunchScreen.storyboard */,
				755ADB65292247430000B73C /* Main.storyboard */,
			);
			path = Storyboards;
			sourceTree = "<group>";
		};
		756360B9284A111A004B4532 /* Resources */ = {
			isa = PBXGroup;
			children = (
				756360B6284A0FD6004B4532 /* LocationService.swift */,
				755ADB7129238FE90000B73C /* WeatherService.swift */,
				75D9747028509F6E00638AAB /* DateConverter.swift */,
			);
			path = Resources;
			sourceTree = "<group>";
		};
		756360BE284A3CC0004B4532 /* OtherViews */ = {
			isa = PBXGroup;
			children = (
				755ADB63292242950000B73C /* CollectionRefreshControl.swift */,
				755ADB5F29223D590000B73C /* CollectionHeaderView.swift */,
				755ADB6029223D590000B73C /* CollectionHeaderView.xib */,
				755ADB5929223B810000B73C /* CollectionBackgroundView.swift */,
				755ADB5A29223B810000B73C /* CollectionBackgroundView.xib */,
			);
			path = OtherViews;
			sourceTree = "<group>";
		};
		7592B98A2846ACB600E902DE /* Cells */ = {
			isa = PBXGroup;
			children = (
				75E126BB29212F470094D183 /* CurrentCollectionViewCell.swift */,
				75E126BC29212F470094D183 /* CurrentCollectionViewCell.xib */,
				75E126BF292136840094D183 /* HourlyCollectionViewCell.swift */,
				75E126C0292136840094D183 /* HourlyCollectionViewCell.xib */,
				75E126C3292139550094D183 /* DailyCollectionViewCell.swift */,
				75E126C4292139550094D183 /* DailyCollectionViewCell.xib */,
			);
			path = Cells;
			sourceTree = "<group>";
		};
		75953FCC2848C8620027D90D /* Models */ = {
			isa = PBXGroup;
			children = (
				756360A8284A0A20004B4532 /* Section.swift */,
				752BBAD429260684008C6BA1 /* Coordinates.swift */,
				75D435D0283CFC8300E169D2 /* WeatherResponse.swift */,
				755ADB68292272890000B73C /* SearchResponse.swift */,
				75953FCD2848C8700027D90D /* WeatherCode.swift */,
			);
			path = Models;
			sourceTree = "<group>";
		};
		75CE48BD2836654C00997114 = {
			isa = PBXGroup;
			children = (
				75CE48C82836654C00997114 /* MyWeatherApp */,
				75CE48C72836654C00997114 /* Products */,
			);
			sourceTree = "<group>";
		};
		75CE48C72836654C00997114 /* Products */ = {
			isa = PBXGroup;
			children = (
				75CE48C62836654C00997114 /* MyWeatherApp.app */,
			);
			name = Products;
			sourceTree = "<group>";
		};
		75CE48C82836654C00997114 /* MyWeatherApp */ = {
			isa = PBXGroup;
			children = (
				75CE48C92836654C00997114 /* AppDelegate.swift */,
				75CE48CB2836654C00997114 /* SceneDelegate.swift */,
				75CE48CD2836654C00997114 /* ViewController.swift */,
				756360B9284A111A004B4532 /* Resources */,
				75953FCC2848C8620027D90D /* Models */,
				752BBACD2924C14A008C6BA1 /* ViewModels */,
				755ADB5E29223D2C0000B73C /* Views */,
				75CE48D22836654D00997114 /* Assets.xcassets */,
				75CE48D72836654D00997114 /* Info.plist */,
			);
			path = MyWeatherApp;
			sourceTree = "<group>";
		};
/* End PBXGroup section */

/* Begin PBXNativeTarget section */
		75CE48C52836654C00997114 /* MyWeatherApp */ = {
			isa = PBXNativeTarget;
			buildConfigurationList = 75CE48DA2836654D00997114 /* Build configuration list for PBXNativeTarget "MyWeatherApp" */;
			buildPhases = (
				75CE48C22836654C00997114 /* Sources */,
				75CE48C32836654C00997114 /* Frameworks */,
				75CE48C42836654C00997114 /* Resources */,
			);
			buildRules = (
			);
			dependencies = (
			);
			name = MyWeatherApp;
			productName = MyWeatherApp;
			productReference = 75CE48C62836654C00997114 /* MyWeatherApp.app */;
			productType = "com.apple.product-type.application";
		};
/* End PBXNativeTarget section */

/* Begin PBXProject section */
		75CE48BE2836654C00997114 /* Project object */ = {
			isa = PBXProject;
			attributes = {
				BuildIndependentTargetsInParallel = 1;
				LastSwiftUpdateCheck = 1320;
				LastUpgradeCheck = 1320;
				TargetAttributes = {
					75CE48C52836654C00997114 = {
						CreatedOnToolsVersion = 13.2.1;
					};
				};
			};
			buildConfigurationList = 75CE48C12836654C00997114 /* Build configuration list for PBXProject "MyWeatherApp" */;
			compatibilityVersion = "Xcode 13.0";
			developmentRegion = en;
			hasScannedForEncodings = 0;
			knownRegions = (
				en,
				Base,
			);
			mainGroup = 75CE48BD2836654C00997114;
			productRefGroup = 75CE48C72836654C00997114 /* Products */;
			projectDirPath = "";
			projectRoot = "";
			targets = (
				75CE48C52836654C00997114 /* MyWeatherApp */,
			);
		};
/* End PBXProject section */

/* Begin PBXResourcesBuildPhase section */
		75CE48C42836654C00997114 /* Resources */ = {
			isa = PBXResourcesBuildPhase;
			buildActionMask = 2147483647;
			files = (
				755ADB5C29223B810000B73C /* CollectionBackgroundView.xib in Resources */,
				75CE48D62836654D00997114 /* LaunchScreen.storyboard in Resources */,
				75E126BE29212F470094D183 /* CurrentCollectionViewCell.xib in Resources */,
				755ADB6229223D590000B73C /* CollectionHeaderView.xib in Resources */,
				75CE48D32836654D00997114 /* Assets.xcassets in Resources */,
				755ADB66292247430000B73C /* Main.storyboard in Resources */,
				75E126C2292136840094D183 /* HourlyCollectionViewCell.xib in Resources */,
				75E126C6292139550094D183 /* DailyCollectionViewCell.xib in Resources */,
			);
			runOnlyForDeploymentPostprocessing = 0;
		};
/* End PBXResourcesBuildPhase section */

/* Begin PBXSourcesBuildPhase section */
		75CE48C22836654C00997114 /* Sources */ = {
			isa = PBXSourcesBuildPhase;
			buildActionMask = 2147483647;
			files = (
				755ADB7229238FE90000B73C /* WeatherService.swift in Sources */,
				75E126BD29212F470094D183 /* CurrentCollectionViewCell.swift in Sources */,
				75CE48CE2836654C00997114 /* ViewController.swift in Sources */,
				752BBAD529260684008C6BA1 /* Coordinates.swift in Sources */,
				756360B7284A0FD6004B4532 /* LocationService.swift in Sources */,
				75CE48CA2836654C00997114 /* AppDelegate.swift in Sources */,
				75CE48CC2836654C00997114 /* SceneDelegate.swift in Sources */,
				755ADB64292242950000B73C /* CollectionRefreshControl.swift in Sources */,
				755ADB5B29223B810000B73C /* CollectionBackgroundView.swift in Sources */,
				756360A9284A0A20004B4532 /* Section.swift in Sources */,
				755ADB74292391AF0000B73C /* CollectionViewModel.swift in Sources */,
				75E126C5292139550094D183 /* DailyCollectionViewCell.swift in Sources */,
				75E126C1292136840094D183 /* HourlyCollectionViewCell.swift in Sources */,
				75D9747128509F6E00638AAB /* DateConverter.swift in Sources */,
				755ADB69292272890000B73C /* SearchResponse.swift in Sources */,
				752BBAD12924C1A9008C6BA1 /* DailyCellViewModel.swift in Sources */,
				755ADB7029236B870000B73C /* CurrentCellViewModel.swift in Sources */,
				755ADB6129223D590000B73C /* CollectionHeaderView.swift in Sources */,
				75953FCE2848C8700027D90D /* WeatherCode.swift in Sources */,
				75D435D1283CFC8300E169D2 /* WeatherResponse.swift in Sources */,
				752BBACF2924C186008C6BA1 /* HourlyCellViewModel.swift in Sources */,
			);
			runOnlyForDeploymentPostprocessing = 0;
		};
/* End PBXSourcesBuildPhase section */

/* Begin PBXVariantGroup section */
		75CE48D42836654D00997114 /* LaunchScreen.storyboard */ = {
			isa = PBXVariantGroup;
			children = (
				75CE48D52836654D00997114 /* Base */,
			);
			name = LaunchScreen.storyboard;
			sourceTree = "<group>";
		};
/* End PBXVariantGroup section */

/* Begin XCBuildConfiguration section */
		75CE48D82836654D00997114 /* Debug */ = {
			isa = XCBuildConfiguration;
			buildSettings = {
				ALWAYS_SEARCH_USER_PATHS = NO;
				CLANG_ANALYZER_NONNULL = YES;
				CLANG_ANALYZER_NUMBER_OBJECT_CONVERSION = YES_AGGRESSIVE;
				CLANG_CXX_LANGUAGE_STANDARD = "gnu++17";
				CLANG_CXX_LIBRARY = "libc++";
				CLANG_ENABLE_MODULES = YES;
				CLANG_ENABLE_OBJC_ARC = YES;
				CLANG_ENABLE_OBJC_WEAK = YES;
				CLANG_WARN_BLOCK_CAPTURE_AUTORELEASING = YES;
				CLANG_WARN_BOOL_CONVERSION = YES;
				CLANG_WARN_COMMA = YES;
				CLANG_WARN_CONSTANT_CONVERSION = YES;
				CLANG_WARN_DEPRECATED_OBJC_IMPLEMENTATIONS = YES;
				CLANG_WARN_DIRECT_OBJC_ISA_USAGE = YES_ERROR;
				CLANG_WARN_DOCUMENTATION_COMMENTS = YES;
				CLANG_WARN_EMPTY_BODY = YES;
				CLANG_WARN_ENUM_CONVERSION = YES;
				CLANG_WARN_INFINITE_RECURSION = YES;
				CLANG_WARN_INT_CONVERSION = YES;
				CLANG_WARN_NON_LITERAL_NULL_CONVERSION = YES;
				CLANG_WARN_OBJC_IMPLICIT_RETAIN_SELF = YES;
				CLANG_WARN_OBJC_LITERAL_CONVERSION = YES;
				CLANG_WARN_OBJC_ROOT_CLASS = YES_ERROR;
				CLANG_WARN_QUOTED_INCLUDE_IN_FRAMEWORK_HEADER = YES;
				CLANG_WARN_RANGE_LOOP_ANALYSIS = YES;
				CLANG_WARN_STRICT_PROTOTYPES = YES;
				CLANG_WARN_SUSPICIOUS_MOVE = YES;
				CLANG_WARN_UNGUARDED_AVAILABILITY = YES_AGGRESSIVE;
				CLANG_WARN_UNREACHABLE_CODE = YES;
				CLANG_WARN__DUPLICATE_METHOD_MATCH = YES;
				COPY_PHASE_STRIP = NO;
				DEBUG_INFORMATION_FORMAT = dwarf;
				ENABLE_STRICT_OBJC_MSGSEND = YES;
				ENABLE_TESTABILITY = YES;
				GCC_C_LANGUAGE_STANDARD = gnu11;
				GCC_DYNAMIC_NO_PIC = NO;
				GCC_NO_COMMON_BLOCKS = YES;
				GCC_OPTIMIZATION_LEVEL = 0;
				GCC_PREPROCESSOR_DEFINITIONS = (
					"DEBUG=1",
					"$(inherited)",
				);
				GCC_WARN_64_TO_32_BIT_CONVERSION = YES;
				GCC_WARN_ABOUT_RETURN_TYPE = YES_ERROR;
				GCC_WARN_UNDECLARED_SELECTOR = YES;
				GCC_WARN_UNINITIALIZED_AUTOS = YES_AGGRESSIVE;
				GCC_WARN_UNUSED_FUNCTION = YES;
				GCC_WARN_UNUSED_VARIABLE = YES;
				IPHONEOS_DEPLOYMENT_TARGET = 15.2;
				MTL_ENABLE_DEBUG_INFO = INCLUDE_SOURCE;
				MTL_FAST_MATH = YES;
				ONLY_ACTIVE_ARCH = YES;
				SDKROOT = iphoneos;
				SWIFT_ACTIVE_COMPILATION_CONDITIONS = DEBUG;
				SWIFT_OPTIMIZATION_LEVEL = "-Onone";
			};
			name = Debug;
		};
		75CE48D92836654D00997114 /* Release */ = {
			isa = XCBuildConfiguration;
			buildSettings = {
				ALWAYS_SEARCH_USER_PATHS = NO;
				CLANG_ANALYZER_NONNULL = YES;
				CLANG_ANALYZER_NUMBER_OBJECT_CONVERSION = YES_AGGRESSIVE;
				CLANG_CXX_LANGUAGE_STANDARD = "gnu++17";
				CLANG_CXX_LIBRARY = "libc++";
				CLANG_ENABLE_MODULES = YES;
				CLANG_ENABLE_OBJC_ARC = YES;
				CLANG_ENABLE_OBJC_WEAK = YES;
				CLANG_WARN_BLOCK_CAPTURE_AUTORELEASING = YES;
				CLANG_WARN_BOOL_CONVERSION = YES;
				CLANG_WARN_COMMA = YES;
				CLANG_WARN_CONSTANT_CONVERSION = YES;
				CLANG_WARN_DEPRECATED_OBJC_IMPLEMENTATIONS = YES;
				CLANG_WARN_DIRECT_OBJC_ISA_USAGE = YES_ERROR;
				CLANG_WARN_DOCUMENTATION_COMMENTS = YES;
				CLANG_WARN_EMPTY_BODY = YES;
				CLANG_WARN_ENUM_CONVERSION = YES;
				CLANG_WARN_INFINITE_RECURSION = YES;
				CLANG_WARN_INT_CONVERSION = YES;
				CLANG_WARN_NON_LITERAL_NULL_CONVERSION = YES;
				CLANG_WARN_OBJC_IMPLICIT_RETAIN_SELF = YES;
				CLANG_WARN_OBJC_LITERAL_CONVERSION = YES;
				CLANG_WARN_OBJC_ROOT_CLASS = YES_ERROR;
				CLANG_WARN_QUOTED_INCLUDE_IN_FRAMEWORK_HEADER = YES;
				CLANG_WARN_RANGE_LOOP_ANALYSIS = YES;
				CLANG_WARN_STRICT_PROTOTYPES = YES;
				CLANG_WARN_SUSPICIOUS_MOVE = YES;
				CLANG_WARN_UNGUARDED_AVAILABILITY = YES_AGGRESSIVE;
				CLANG_WARN_UNREACHABLE_CODE = YES;
				CLANG_WARN__DUPLICATE_METHOD_MATCH = YES;
				COPY_PHASE_STRIP = NO;
				DEBUG_INFORMATION_FORMAT = "dwarf-with-dsym";
				ENABLE_NS_ASSERTIONS = NO;
				ENABLE_STRICT_OBJC_MSGSEND = YES;
				GCC_C_LANGUAGE_STANDARD = gnu11;
				GCC_NO_COMMON_BLOCKS = YES;
				GCC_WARN_64_TO_32_BIT_CONVERSION = YES;
				GCC_WARN_ABOUT_RETURN_TYPE = YES_ERROR;
				GCC_WARN_UNDECLARED_SELECTOR = YES;
				GCC_WARN_UNINITIALIZED_AUTOS = YES_AGGRESSIVE;
				GCC_WARN_UNUSED_FUNCTION = YES;
				GCC_WARN_UNUSED_VARIABLE = YES;
				IPHONEOS_DEPLOYMENT_TARGET = 15.2;
				MTL_ENABLE_DEBUG_INFO = NO;
				MTL_FAST_MATH = YES;
				SDKROOT = iphoneos;
				SWIFT_COMPILATION_MODE = wholemodule;
				SWIFT_OPTIMIZATION_LEVEL = "-O";
				VALIDATE_PRODUCT = YES;
			};
			name = Release;
		};
		75CE48DB2836654D00997114 /* Debug */ = {
			isa = XCBuildConfiguration;
			buildSettings = {
				ASSETCATALOG_COMPILER_APPICON_NAME = AppIcon;
				ASSETCATALOG_COMPILER_GLOBAL_ACCENT_COLOR_NAME = AccentColor;
				CODE_SIGN_STYLE = Automatic;
				CURRENT_PROJECT_VERSION = 1;
				DEVELOPMENT_TEAM = AU37Q77AB3;
				GENERATE_INFOPLIST_FILE = YES;
				INFOPLIST_FILE = MyWeatherApp/Info.plist;
				INFOPLIST_KEY_LSApplicationCategoryType = "";
				INFOPLIST_KEY_NSLocationWhenInUseUsageDescription = "Please allow to use your Location";
				INFOPLIST_KEY_UIApplicationSupportsIndirectInputEvents = YES;
				INFOPLIST_KEY_UILaunchStoryboardName = LaunchScreen;
				INFOPLIST_KEY_UIMainStoryboardFile = Main;
				INFOPLIST_KEY_UISupportedInterfaceOrientations = UIInterfaceOrientationPortrait;
				INFOPLIST_KEY_UISupportedInterfaceOrientations_iPad = "UIInterfaceOrientationPortrait UIInterfaceOrientationPortraitUpsideDown UIInterfaceOrientationLandscapeLeft UIInterfaceOrientationLandscapeRight";
				INFOPLIST_KEY_UISupportedInterfaceOrientations_iPhone = "UIInterfaceOrientationPortrait UIInterfaceOrientationLandscapeLeft UIInterfaceOrientationLandscapeRight";
				INFOPLIST_KEY_UIUserInterfaceStyle = Light;
				LD_RUNPATH_SEARCH_PATHS = (
					"$(inherited)",
					"@executable_path/Frameworks",
				);
				MARKETING_VERSION = 1.0;
				PRODUCT_BUNDLE_IDENTIFIER = Andrei.MyWeatherApp;
				PRODUCT_NAME = "$(TARGET_NAME)";
				SWIFT_EMIT_LOC_STRINGS = YES;
				SWIFT_VERSION = 5.0;
				TARGETED_DEVICE_FAMILY = "1,2";
			};
			name = Debug;
		};
		75CE48DC2836654D00997114 /* Release */ = {
			isa = XCBuildConfiguration;
			buildSettings = {
				ASSETCATALOG_COMPILER_APPICON_NAME = AppIcon;
				ASSETCATALOG_COMPILER_GLOBAL_ACCENT_COLOR_NAME = AccentColor;
				CODE_SIGN_STYLE = Automatic;
				CURRENT_PROJECT_VERSION = 1;
				DEVELOPMENT_TEAM = AU37Q77AB3;
				GENERATE_INFOPLIST_FILE = YES;
				INFOPLIST_FILE = MyWeatherApp/Info.plist;
				INFOPLIST_KEY_LSApplicationCategoryType = "";
				INFOPLIST_KEY_NSLocationWhenInUseUsageDescription = "Please allow to use your Location";
				INFOPLIST_KEY_UIApplicationSupportsIndirectInputEvents = YES;
				INFOPLIST_KEY_UILaunchStoryboardName = LaunchScreen;
				INFOPLIST_KEY_UIMainStoryboardFile = Main;
				INFOPLIST_KEY_UISupportedInterfaceOrientations = UIInterfaceOrientationPortrait;
				INFOPLIST_KEY_UISupportedInterfaceOrientations_iPad = "UIInterfaceOrientationPortrait UIInterfaceOrientationPortraitUpsideDown UIInterfaceOrientationLandscapeLeft UIInterfaceOrientationLandscapeRight";
				INFOPLIST_KEY_UISupportedInterfaceOrientations_iPhone = "UIInterfaceOrientationPortrait UIInterfaceOrientationLandscapeLeft UIInterfaceOrientationLandscapeRight";
				INFOPLIST_KEY_UIUserInterfaceStyle = Light;
				LD_RUNPATH_SEARCH_PATHS = (
					"$(inherited)",
					"@executable_path/Frameworks",
				);
				MARKETING_VERSION = 1.0;
				PRODUCT_BUNDLE_IDENTIFIER = Andrei.MyWeatherApp;
				PRODUCT_NAME = "$(TARGET_NAME)";
				SWIFT_EMIT_LOC_STRINGS = YES;
				SWIFT_VERSION = 5.0;
				TARGETED_DEVICE_FAMILY = "1,2";
			};
			name = Release;
		};
/* End XCBuildConfiguration section */

/* Begin XCConfigurationList section */
		75CE48C12836654C00997114 /* Build configuration list for PBXProject "MyWeatherApp" */ = {
			isa = XCConfigurationList;
			buildConfigurations = (
				75CE48D82836654D00997114 /* Debug */,
				75CE48D92836654D00997114 /* Release */,
			);
			defaultConfigurationIsVisible = 0;
			defaultConfigurationName = Release;
		};
		75CE48DA2836654D00997114 /* Build configuration list for PBXNativeTarget "MyWeatherApp" */ = {
			isa = XCConfigurationList;
			buildConfigurations = (
				75CE48DB2836654D00997114 /* Debug */,
				75CE48DC2836654D00997114 /* Release */,
			);
			defaultConfigurationIsVisible = 0;
			defaultConfigurationName = Release;
		};
/* End XCConfigurationList section */
	};
	rootObject = 75CE48BE2836654C00997114 /* Project object */;
}
